{
  "nodes": {
    "cachyos": {
      "inputs": {
        "cachyos-kernel": "cachyos-kernel",
        "cachyos-kernel-patches": "cachyos-kernel-patches",
        "flake-compat": "flake-compat",
        "flake-parts": "flake-parts",
        "nixpkgs": [
          "nixpkgs"
        ]
      },
      "locked": {
        "lastModified": 1777941746,
        "narHash": "sha256-A/T1p6enLCZ6u2zgwX+5tPneqJ0Cf+Run8dpPSQkuuE=",
        "owner": "xddxdd",
        "repo": "nix-cachyos-kernel",
        "rev": "86cf9887b7b327db40f62b33772c8bd3c0c42fd0",
        "type": "github"
      },
      "original": {
        "owner": "xddxdd",
        "repo": "nix-cachyos-kernel",
        "type": "github"
      }
    },
    "cachyos-kernel": {
      "flake": false,
      "locked": {
        "lastModified": 1777886926,
        "narHash": "sha256-rcoMKM3n/WIxpt6XKLWublUrAf23RCC89TFqfFNKqbE=",
        "owner": "CachyOS",
        "repo": "linux-cachyos",
        "rev": "2de2942338b54e89531e7a2c38b3b9f29d93df52",
        "type": "github"
      },
      "original": {
        "owner": "CachyOS",
        "repo": "linux-cachyos",
        "type": "github"
      }
    },
    "cachyos-kernel-patches": {
      "flake": false,
      "locked": {
        "lastModified": 1777876120,
        "narHash": "sha256-fdFgVCoua3rsQyyHkgxcnwi0hUktR8UtcI/suS8jcbg=",
        "owner": "CachyOS",
        "repo": "kernel-patches",
        "rev": "e80ce8172953b8c199daf6a2850974bb12731ae9",
        "type": "github"
      },
      "original": {
        "owner": "CachyOS",
        "repo": "kernel-patches",
        "type": "github"
      }
    },
    "caelestia-cli": {
      "inputs": {
        "caelestia-shell": [
          "caelestia-shell"
        ],
        "nixpkgs": [
          "caelestia-shell",
          "nixpkgs"
        ]
      },
      "locked": {
        "lastModified": 1777726295,
        "narHash": "sha256-Db9B3uTLDSj7zjQ4L3tIk9RcxHXbWRKw5fw8JozikyI=",
        "owner": "caelestia-dots",
        "repo": "cli",
        "rev": "a00e71d6b7572a8dbbb7945a45b79acf2401ad56",
        "type": "github"
      },
      "original": {
        "owner": "caelestia-dots",
        "repo": "cli",
        "type": "github"
      }
    },
    "caelestia-shell": {
      "inputs": {
        "caelestia-cli": "caelestia-cli",
        "nixpkgs": [
          "nixpkgs"
        ],
        "quickshell": "quickshell"
      },
      "locked": {
        "lastModified": 1777891103,
        "narHash": "sha256-/b87CUV9NEh4YYtG6tGGbbSJurqkfwZQ5rZNiIBJWYw=",
        "owner": "caelestia-dots",
        "repo": "shell",
        "rev": "54cdd80c1b7671deeb057cc554f83e436765596a",
        "type": "github"
      },
      "original": {
        "owner": "caelestia-dots",
        "repo": "shell",
        "type": "github"
      }
    },
    "flake-compat": {
      "flake": false,
      "locked": {
        "lastModified": 1767039857,
        "narHash": "sha256-vNpUSpF5Nuw8xvDLj2KCwwksIbjua2LZCqhV1LNRDns=",
        "owner": "NixOS",
        "repo": "flake-compat",
        "rev": "5edf11c44bc78a0d334f6334cdaf7d60d732daab",
        "type": "github"
      },
      "original": {
        "owner": "NixOS",
        "repo": "flake-compat",
        "type": "github"
      }
    },
    "flake-parts": {
      "inputs": {
        "nixpkgs-lib": "nixpkgs-lib"
      },
      "locked": {
        "lastModified": 1777898446,
        "narHash": "sha256-tTEOTTjMHd8Vffn4hehLTPgOXXxJ27xfkf4DoyZgD7s=",
        "owner": "hercules-ci",
        "repo": "flake-parts",
        "rev": "5d82aa3d6b5da25dbfec1a995750a70a03b8c659",
        "type": "github"
      },
      "original": {
        "owner": "hercules-ci",
        "repo": "flake-parts",
        "type": "github"
      }
    },
    "flake-parts_2": {
      "inputs": {
        "nixpkgs-lib": [
          "nixpkgs"
        ]
      },
      "locked": {
        "lastModified": 1777932387,
        "narHash": "sha256-nUYVPiqrzr36ThiQOAr5MKeGHDBSDM3OFWkz0uDjOvc=",
        "owner": "hercules-ci",
        "repo": "flake-parts",
        "rev": "71a3a77326609675e9f8b51084cf23d5d1945899",
        "type": "github"
      },
      "original": {
        "owner": "hercules-ci",
        "repo": "flake-parts",
        "type": "github"
      }
    },
    "flake-parts_3": {
      "inputs": {
        "nixpkgs-lib": [
          "nur",
          "nixpkgs"
        ]
      },
      "locked": {
        "lastModified": 1733312601,
        "narHash": "sha256-4pDvzqnegAfRkPwO3wmwBhVi/Sye1mzps0zHWYnP88c=",
        "owner": "hercules-ci",
        "repo": "flake-parts",
        "rev": "205b12d8b7cd4802fbcb8e8ef6a0f1408781a4f9",
        "type": "github"
      },
      "original": {
        "owner": "hercules-ci",
        "repo": "flake-parts",
        "type": "github"
      }
    },
    "home-manager": {
      "inputs": {
        "nixpkgs": [
          "nixpkgs"
        ]
      },
      "locked": {
        "lastModified": 1777913624,
        "narHash": "sha256-4MwfrGuqjsnEORQbM3cmkmG/9cWhDV63dTDguDj4FXw=",
        "owner": "nix-community",
        "repo": "home-manager",
        "rev": "a89686d115e970e200eb2caa7603f3673050e00c",
        "type": "github"
      },
      "original": {
        "owner": "nix-community",
        "repo": "home-manager",
        "type": "github"
      }
    },
    "nixpkgs": {
      "locked": {
        "lastModified": 1777578337,
        "narHash": "sha256-Ad49moKWeXtKBJNy2ebiTQUEgdLyvGmTeykAQ9xM+Z4=",
        "owner": "NixOS",
        "repo": "nixpkgs",
        "rev": "15f4ee454b1dce334612fa6843b3e05cf546efab",
        "type": "github"
      },
      "original": {
        "owner": "NixOS",
        "ref": "nixos-unstable",
        "repo": "nixpkgs",
        "type": "github"
      }
    },
    "nixpkgs-lib": {
      "locked": {
        "lastModified": 1777168982,
        "narHash": "sha256-GOkGPcboWE9BmGCRMLX3worL4EMnsnG8MyKmXNeYuhQ=",
        "owner": "nix-community",
        "repo": "nixpkgs.lib",
        "rev": "f5901329dade4a6ea039af1433fb087bd9c1fe14",
        "type": "github"
      },
      "original": {
        "owner": "nix-community",
        "repo": "nixpkgs.lib",
        "type": "github"
      }
    },
    "nur": {
      "inputs": {
        "flake-parts": "flake-parts_3",
        "nixpkgs": [
          "nixpkgs"
        ]
      },
      "locked": {
        "lastModified": 1777964429,
        "narHash": "sha256-yx9yzNO+/JAtwCugej6nx6YuWdRZHqHSDxXZibBo5jc=",
        "owner": "nix-community",
        "repo": "NUR",
        "rev": "96c715f69b59c97d626065bbd393006b631fe5f6",
        "type": "github"
      },
      "original": {
        "owner": "nix-community",
        "repo": "NUR",
        "type": "github"
      }
    },
    "plasma-manager": {
      "inputs": {
        "home-manager": [
          "home-manager"
        ],
        "nixpkgs": [
          "nixpkgs"
        ]
      },
      "locked": {
        "lastModified": 1775856943,
        "narHash": "sha256-b7Mp7P+q2Md5AGt4rjHfMcBykzMumFTen10ST++AuTU=",
        "owner": "nix-community",
        "repo": "plasma-manager",
        "rev": "a524a6160e6df89f7673ba293cf7d78b559eb1a5",
        "type": "github"
      },
      "original": {
        "owner": "nix-community",
        "repo": "plasma-manager",
        "type": "github"
      }
    },
    "quickshell": {
      "inputs": {
        "nixpkgs": [
          "caelestia-shell",
          "nixpkgs"
        ]
      },
      "locked": {
        "lastModified": 1777706159,
        "narHash": "sha256-TuD8hw9lkRCEb+6v93iB7HDvcmvH8R0qyD6wBmPGfv8=",
        "ref": "refs/heads/master",
        "rev": "8db8ca1fecfcce8def1f9265fa1742baa0e0c271",
        "revCount": 813,
        "type": "git",
        "url": "https://git.outfoxxed.me/outfoxxed/quickshell"
      },
      "original": {
        "type": "git",
        "url": "https://git.outfoxxed.me/outfoxxed/quickshell"
      }
    },
    "root": {
      "inputs": {
        "cachyos": "cachyos",
        "caelestia-shell": "caelestia-shell",
        "flake-parts": "flake-parts_2",
        "home-manager": "home-manager",
        "nixpkgs": "nixpkgs",
        "nur": "nur",
        "plasma-manager": "plasma-manager"
      }
    }
  },
  "root": "root",
  "version": 7
}
